
Microsoft Visual Studio Solution File, Format Version 12.00
# Visual Studio 15
VisualStudioVersion = 15.0.28307.438
MinimumVisualStudioVersion = 10.0.40219.1
Project("{FAE04EC0-301F-11D3-BF4B-00C04F79EFBC}") = "11_DataConnection", "11_DataConnection\11_DataConnection.csproj", "{A818CBFF-858F-4FFC-BF5C-68F0EA1FE56E}"
EndProject
Global
	GlobalSection(SolutionConfigurationPlatforms) = preSolution
		Debug|Any CPU = Debug|Any CPU
		Release|Any CPU = Release|Any CPU
	EndGlobalSection
	GlobalSection(ProjectConfigurationPlatforms) = postSolution
		{A818CBFF-858F-4FFC-BF5C-68F0EA1FE56E}.Debug|Any CPU.ActiveCfg = Debug|Any CPU
		{A818CBFF-858F-4FFC-BF5C-68F0EA1FE56E}.Debug|Any CPU.Build.0 = Debug|Any CPU
		{A818CBFF-858F-4FFC-BF5C-68F0EA1FE56E}.Release|Any CPU.ActiveCfg = Release|Any CPU
		{A818CBFF-858F-4FFC-BF5C-68F0EA1FE56E}.Release|Any CPU.Build.0 = Release|Any CPU
	EndGlobalSection
	GlobalSection(SolutionProperties) = preSolution
		HideSolutionNode = FALSE
	EndGlobalSection
	GlobalSection(ExtensibilityGlobals) = postSolution
		SolutionGuid = {F9F5C2DD-ACAF-45CE-A781-D778115B99CA}
	EndGlobalSection
EndGlobal
