
Microsoft Visual Studio Solution File, Format Version 12.00
# Visual Studio 15
VisualStudioVersion = 15.0.28307.136
MinimumVisualStudioVersion = 10.0.40219.1
Project("{9A19103F-16F7-4668-BE54-9A1E7A4F7556}") = "08_Threads", "08_Threads.csproj", "{279CD55A-F7D4-4030-86C3-E7EFE0DFF2A0}"
EndProject
Global
	GlobalSection(SolutionConfigurationPlatforms) = preSolution
		Debug|Any CPU = Debug|Any CPU
		Release|Any CPU = Release|Any CPU
	EndGlobalSection
	GlobalSection(ProjectConfigurationPlatforms) = postSolution
		{279CD55A-F7D4-4030-86C3-E7EFE0DFF2A0}.Debug|Any CPU.ActiveCfg = Debug|Any CPU
		{279CD55A-F7D4-4030-86C3-E7EFE0DFF2A0}.Debug|Any CPU.Build.0 = Debug|Any CPU
		{279CD55A-F7D4-4030-86C3-E7EFE0DFF2A0}.Release|Any CPU.ActiveCfg = Release|Any CPU
		{279CD55A-F7D4-4030-86C3-E7EFE0DFF2A0}.Release|Any CPU.Build.0 = Release|Any CPU
	EndGlobalSection
	GlobalSection(SolutionProperties) = preSolution
		HideSolutionNode = FALSE
	EndGlobalSection
	GlobalSection(ExtensibilityGlobals) = postSolution
		SolutionGuid = {87D13F9D-9670-47F8-BAFB-2E9FD83C58F4}
	EndGlobalSection
EndGlobal
